// !$*UTF8*$!
{
	archiveVersion = 1;
	classes = {
	};
	objectVersion = 56;
	objects = {

/* Begin PBXBuildFile section */
		8559DFC7291F43D8009F2D35 /* GlobalObject.swift in Sources */ = {isa = PBXBuildFile; fileRef = 8559DFC6291F43D8009F2D35 /* GlobalObject.swift */; };
		8559DFC9291F4401009F2D35 /* DataModel.swift in Sources */ = {isa = PBXBuildFile; fileRef = 8559DFC8291F4401009F2D35 /* DataModel.swift */; };
		8559DFCD291F50E5009F2D35 /* DetailView.swift in Sources */ = {isa = PBXBuildFile; fileRef = 8559DFCC291F50E5009F2D35 /* DetailView.swift */; };
		85ED005C2909209B00369EB2 /* sandbox_swiftui_latihan4App.swift in Sources */ = {isa = PBXBuildFile; fileRef = 85ED005B2909209B00369EB2 /* sandbox_swiftui_latihan4App.swift */; };
		85ED005E2909209B00369EB2 /* ContentView.swift in Sources */ = {isa = PBXBuildFile; fileRef = 85ED005D2909209B00369EB2 /* ContentView.swift */; };
		85ED00602909209D00369EB2 /* Assets.xcassets in Resources */ = {isa = PBXBuildFile; fileRef = 85ED005F2909209D00369EB2 /* Assets.xcassets */; };
		85ED00632909209D00369EB2 /* Preview Assets.xcassets in Resources */ = {isa = PBXBuildFile; fileRef = 85ED00622909209D00369EB2 /* Preview Assets.xcassets */; };
		85ED006A290920C800369EB2 /* Product.swift in Sources */ = {isa = PBXBuildFile; fileRef = 85ED0069290920C800369EB2 /* Product.swift */; };
		85ED006E29092B3C00369EB2 /* ProductModel.swift in Sources */ = {isa = PBXBuildFile; fileRef = 85ED006D29092B3C00369EB2 /* ProductModel.swift */; };
		85ED0070290935EF00369EB2 /* CartView.swift in Sources */ = {isa = PBXBuildFile; fileRef = 85ED006F290935EF00369EB2 /* CartView.swift */; };
		85ED007229097D4600369EB2 /* ButtonCart.swift in Sources */ = {isa = PBXBuildFile; fileRef = 85ED007129097D4600369EB2 /* ButtonCart.swift */; };
/* End PBXBuildFile section */

/* Begin PBXFileReference section */
		8559DFC6291F43D8009F2D35 /* GlobalObject.swift */ = {isa = PBXFileReference; lastKnownFileType = sourcecode.swift; path = GlobalObject.swift; sourceTree = "<group>"; };
		8559DFC8291F4401009F2D35 /* DataModel.swift */ = {isa = PBXFileReference; lastKnownFileType = sourcecode.swift; path = DataModel.swift; sourceTree = "<group>"; };
		8559DFCC291F50E5009F2D35 /* DetailView.swift */ = {isa = PBXFileReference; lastKnownFileType = sourcecode.swift; name = DetailView.swift; path = ../DetailView.swift; sourceTree = "<group>"; };
		85ED00582909209B00369EB2 /* sandbox-swiftui-latihan4.app */ = {isa = PBXFileReference; explicitFileType = wrapper.application; includeInIndex = 0; path = "sandbox-swiftui-latihan4.app"; sourceTree = BUILT_PRODUCTS_DIR; };
		85ED005B2909209B00369EB2 /* sandbox_swiftui_latihan4App.swift */ = {isa = PBXFileReference; lastKnownFileType = sourcecode.swift; path = sandbox_swiftui_latihan4App.swift; sourceTree = "<group>"; };
		85ED005D2909209B00369EB2 /* ContentView.swift */ = {isa = PBXFileReference; lastKnownFileType = sourcecode.swift; path = ContentView.swift; sourceTree = "<group>"; };
		85ED005F2909209D00369EB2 /* Assets.xcassets */ = {isa = PBXFileReference; lastKnownFileType = folder.assetcatalog; path = Assets.xcassets; sourceTree = "<group>"; };
		85ED00622909209D00369EB2 /* Preview Assets.xcassets */ = {isa = PBXFileReference; lastKnownFileType = folder.assetcatalog; path = "Preview Assets.xcassets"; sourceTree = "<group>"; };
		85ED0069290920C800369EB2 /* Product.swift */ = {isa = PBXFileReference; lastKnownFileType = sourcecode.swift; path = Product.swift; sourceTree = "<group>"; };
		85ED006D29092B3C00369EB2 /* ProductModel.swift */ = {isa = PBXFileReference; lastKnownFileType = sourcecode.swift; path = ProductModel.swift; sourceTree = "<group>"; };
		85ED006F290935EF00369EB2 /* CartView.swift */ = {isa = PBXFileReference; lastKnownFileType = sourcecode.swift; path = CartView.swift; sourceTree = "<group>"; };
		85ED007129097D4600369EB2 /* ButtonCart.swift */ = {isa = PBXFileReference; lastKnownFileType = sourcecode.swift; path = ButtonCart.swift; sourceTree = "<group>"; };
/* End PBXFileReference section */

/* Begin PBXFrameworksBuildPhase section */
		85ED00552909209B00369EB2 /* Frameworks */ = {
			isa = PBXFrameworksBuildPhase;
			buildActionMask = 2147483647;
			files = (
			);
			runOnlyForDeploymentPostprocessing = 0;
		};
/* End PBXFrameworksBuildPhase section */

/* Begin PBXGroup section */
		85ED004F2909209B00369EB2 = {
			isa = PBXGroup;
			children = (
				85ED005A2909209B00369EB2 /* sandbox-swiftui-latihan4 */,
				85ED00592909209B00369EB2 /* Products */,
			);
			sourceTree = "<group>";
		};
		85ED00592909209B00369EB2 /* Products */ = {
			isa = PBXGroup;
			children = (
				85ED00582909209B00369EB2 /* sandbox-swiftui-latihan4.app */,
			);
			name = Products;
			sourceTree = "<group>";
		};
		85ED005A2909209B00369EB2 /* sandbox-swiftui-latihan4 */ = {
			isa = PBXGroup;
			children = (
				85ED006C29092B1F00369EB2 /* Model Data */,
				85ED005B2909209B00369EB2 /* sandbox_swiftui_latihan4App.swift */,
				85ED005D2909209B00369EB2 /* ContentView.swift */,
				85ED0069290920C800369EB2 /* Product.swift */,
				85ED006F290935EF00369EB2 /* CartView.swift */,
				85ED005F2909209D00369EB2 /* Assets.xcassets */,
				8559DFCC291F50E5009F2D35 /* DetailView.swift */,
				85ED007129097D4600369EB2 /* ButtonCart.swift */,
				8559DFC6291F43D8009F2D35 /* GlobalObject.swift */,
				8559DFC8291F4401009F2D35 /* DataModel.swift */,
				85ED00612909209D00369EB2 /* Preview Content */,
			);
			path = "sandbox-swiftui-latihan4";
			sourceTree = "<group>";
		};
		85ED00612909209D00369EB2 /* Preview Content */ = {
			isa = PBXGroup;
			children = (
				85ED00622909209D00369EB2 /* Preview Assets.xcassets */,
			);
			path = "Preview Content";
			sourceTree = "<group>";
		};
		85ED006C29092B1F00369EB2 /* Model Data */ = {
			isa = PBXGroup;
			children = (
				85ED006D29092B3C00369EB2 /* ProductModel.swift */,
			);
			path = "Model Data";
			sourceTree = "<group>";
		};
/* End PBXGroup section */

/* Begin PBXNativeTarget section */
		85ED00572909209B00369EB2 /* sandbox-swiftui-latihan4 */ = {
			isa = PBXNativeTarget;
			buildConfigurationList = 85ED00662909209D00369EB2 /* Build configuration list for PBXNativeTarget "sandbox-swiftui-latihan4" */;
			buildPhases = (
				85ED00542909209B00369EB2 /* Sources */,
				85ED00552909209B00369EB2 /* Frameworks */,
				85ED00562909209B00369EB2 /* Resources */,
			);
			buildRules = (
			);
			dependencies = (
			);
			name = "sandbox-swiftui-latihan4";
			productName = "sandbox-swiftui-latihan4";
			productReference = 85ED00582909209B00369EB2 /* sandbox-swiftui-latihan4.app */;
			productType = "com.apple.product-type.application";
		};
/* End PBXNativeTarget section */

/* Begin PBXProject section */
		85ED00502909209B00369EB2 /* Project object */ = {
			isa = PBXProject;
			attributes = {
				BuildIndependentTargetsInParallel = 1;
				LastSwiftUpdateCheck = 1400;
				LastUpgradeCheck = 1400;
				TargetAttributes = {
					85ED00572909209B00369EB2 = {
						CreatedOnToolsVersion = 14.0.1;
					};
				};
			};
			buildConfigurationList = 85ED00532909209B00369EB2 /* Build configuration list for PBXProject "sandbox-swiftui-latihan4" */;
			compatibilityVersion = "Xcode 14.0";
			developmentRegion = en;
			hasScannedForEncodings = 0;
			knownRegions = (
				en,
				Base,
			);
			mainGroup = 85ED004F2909209B00369EB2;
			productRefGroup = 85ED00592909209B00369EB2 /* Products */;
			projectDirPath = "";
			projectRoot = "";
			targets = (
				85ED00572909209B00369EB2 /* sandbox-swiftui-latihan4 */,
			);
		};
/* End PBXProject section */

/* Begin PBXResourcesBuildPhase section */
		85ED00562909209B00369EB2 /* Resources */ = {
			isa = PBXResourcesBuildPhase;
			buildActionMask = 2147483647;
			files = (
				85ED00632909209D00369EB2 /* Preview Assets.xcassets in Resources */,
				85ED00602909209D00369EB2 /* Assets.xcassets in Resources */,
			);
			runOnlyForDeploymentPostprocessing = 0;
		};
/* End PBXResourcesBuildPhase section */

/* Begin PBXSourcesBuildPhase section */
		85ED00542909209B00369EB2 /* Sources */ = {
			isa = PBXSourcesBuildPhase;
			buildActionMask = 2147483647;
			files = (
				85ED0070290935EF00369EB2 /* CartView.swift in Sources */,
				8559DFCD291F50E5009F2D35 /* DetailView.swift in Sources */,
				85ED007229097D4600369EB2 /* ButtonCart.swift in Sources */,
				85ED005E2909209B00369EB2 /* ContentView.swift in Sources */,
				85ED005C2909209B00369EB2 /* sandbox_swiftui_latihan4App.swift in Sources */,
				8559DFC7291F43D8009F2D35 /* GlobalObject.swift in Sources */,
				8559DFC9291F4401009F2D35 /* DataModel.swift in Sources */,
				85ED006A290920C800369EB2 /* Product.swift in Sources */,
				85ED006E29092B3C00369EB2 /* ProductModel.swift in Sources */,
			);
			runOnlyForDeploymentPostprocessing = 0;
		};
/* End PBXSourcesBuildPhase section */

/* Begin XCBuildConfiguration section */
		85ED00642909209D00369EB2 /* Debug */ = {
			isa = XCBuildConfiguration;
			buildSettings = {
				ALWAYS_SEARCH_USER_PATHS = NO;
				CLANG_ANALYZER_NONNULL = YES;
				CLANG_ANALYZER_NUMBER_OBJECT_CONVERSION = YES_AGGRESSIVE;
				CLANG_CXX_LANGUAGE_STANDARD = "gnu++20";
				CLANG_ENABLE_MODULES = YES;
				CLANG_ENABLE_OBJC_ARC = YES;
				CLANG_ENABLE_OBJC_WEAK = YES;
				CLANG_WARN_BLOCK_CAPTURE_AUTORELEASING = YES;
				CLANG_WARN_BOOL_CONVERSION = YES;
				CLANG_WARN_COMMA = YES;
				CLANG_WARN_CONSTANT_CONVERSION = YES;
				CLANG_WARN_DEPRECATED_OBJC_IMPLEMENTATIONS = YES;
				CLANG_WARN_DIRECT_OBJC_ISA_USAGE = YES_ERROR;
				CLANG_WARN_DOCUMENTATION_COMMENTS = YES;
				CLANG_WARN_EMPTY_BODY = YES;
				CLANG_WARN_ENUM_CONVERSION = YES;
				CLANG_WARN_INFINITE_RECURSION = YES;
				CLANG_WARN_INT_CONVERSION = YES;
				CLANG_WARN_NON_LITERAL_NULL_CONVERSION = YES;
				CLANG_WARN_OBJC_IMPLICIT_RETAIN_SELF = YES;
				CLANG_WARN_OBJC_LITERAL_CONVERSION = YES;
				CLANG_WARN_OBJC_ROOT_CLASS = YES_ERROR;
				CLANG_WARN_QUOTED_INCLUDE_IN_FRAMEWORK_HEADER = YES;
				CLANG_WARN_RANGE_LOOP_ANALYSIS = YES;
				CLANG_WARN_STRICT_PROTOTYPES = YES;
				CLANG_WARN_SUSPICIOUS_MOVE = YES;
				CLANG_WARN_UNGUARDED_AVAILABILITY = YES_AGGRESSIVE;
				CLANG_WARN_UNREACHABLE_CODE = YES;
				CLANG_WARN__DUPLICATE_METHOD_MATCH = YES;
				COPY_PHASE_STRIP = NO;
				DEBUG_INFORMATION_FORMAT = dwarf;
				ENABLE_STRICT_OBJC_MSGSEND = YES;
				ENABLE_TESTABILITY = YES;
				GCC_C_LANGUAGE_STANDARD = gnu11;
				GCC_DYNAMIC_NO_PIC = NO;
				GCC_NO_COMMON_BLOCKS = YES;
				GCC_OPTIMIZATION_LEVEL = 0;
				GCC_PREPROCESSOR_DEFINITIONS = (
					"DEBUG=1",
					"$(inherited)",
				);
				GCC_WARN_64_TO_32_BIT_CONVERSION = YES;
				GCC_WARN_ABOUT_RETURN_TYPE = YES_ERROR;
				GCC_WARN_UNDECLARED_SELECTOR = YES;
				GCC_WARN_UNINITIALIZED_AUTOS = YES_AGGRESSIVE;
				GCC_WARN_UNUSED_FUNCTION = YES;
				GCC_WARN_UNUSED_VARIABLE = YES;
				IPHONEOS_DEPLOYMENT_TARGET = 16.0;
				MTL_ENABLE_DEBUG_INFO = INCLUDE_SOURCE;
				MTL_FAST_MATH = YES;
				ONLY_ACTIVE_ARCH = YES;
				SDKROOT = iphoneos;
				SWIFT_ACTIVE_COMPILATION_CONDITIONS = DEBUG;
				SWIFT_OPTIMIZATION_LEVEL = "-Onone";
			};
			name = Debug;
		};
		85ED00652909209D00369EB2 /* Release */ = {
			isa = XCBuildConfiguration;
			buildSettings = {
				ALWAYS_SEARCH_USER_PATHS = NO;
				CLANG_ANALYZER_NONNULL = YES;
				CLANG_ANALYZER_NUMBER_OBJECT_CONVERSION = YES_AGGRESSIVE;
				CLANG_CXX_LANGUAGE_STANDARD = "gnu++20";
				CLANG_ENABLE_MODULES = YES;
				CLANG_ENABLE_OBJC_ARC = YES;
				CLANG_ENABLE_OBJC_WEAK = YES;
				CLANG_WARN_BLOCK_CAPTURE_AUTORELEASING = YES;
				CLANG_WARN_BOOL_CONVERSION = YES;
				CLANG_WARN_COMMA = YES;
				CLANG_WARN_CONSTANT_CONVERSION = YES;
				CLANG_WARN_DEPRECATED_OBJC_IMPLEMENTATIONS = YES;
				CLANG_WARN_DIRECT_OBJC_ISA_USAGE = YES_ERROR;
				CLANG_WARN_DOCUMENTATION_COMMENTS = YES;
				CLANG_WARN_EMPTY_BODY = YES;
				CLANG_WARN_ENUM_CONVERSION = YES;
				CLANG_WARN_INFINITE_RECURSION = YES;
				CLANG_WARN_INT_CONVERSION = YES;
				CLANG_WARN_NON_LITERAL_NULL_CONVERSION = YES;
				CLANG_WARN_OBJC_IMPLICIT_RETAIN_SELF = YES;
				CLANG_WARN_OBJC_LITERAL_CONVERSION = YES;
				CLANG_WARN_OBJC_ROOT_CLASS = YES_ERROR;
				CLANG_WARN_QUOTED_INCLUDE_IN_FRAMEWORK_HEADER = YES;
				CLANG_WARN_RANGE_LOOP_ANALYSIS = YES;
				CLANG_WARN_STRICT_PROTOTYPES = YES;
				CLANG_WARN_SUSPICIOUS_MOVE = YES;
				CLANG_WARN_UNGUARDED_AVAILABILITY = YES_AGGRESSIVE;
				CLANG_WARN_UNREACHABLE_CODE = YES;
				CLANG_WARN__DUPLICATE_METHOD_MATCH = YES;
				COPY_PHASE_STRIP = NO;
				DEBUG_INFORMATION_FORMAT = "dwarf-with-dsym";
				ENABLE_NS_ASSERTIONS = NO;
				ENABLE_STRICT_OBJC_MSGSEND = YES;
				GCC_C_LANGUAGE_STANDARD = gnu11;
				GCC_NO_COMMON_BLOCKS = YES;
				GCC_WARN_64_TO_32_BIT_CONVERSION = YES;
				GCC_WARN_ABOUT_RETURN_TYPE = YES_ERROR;
				GCC_WARN_UNDECLARED_SELECTOR = YES;
				GCC_WARN_UNINITIALIZED_AUTOS = YES_AGGRESSIVE;
				GCC_WARN_UNUSED_FUNCTION = YES;
				GCC_WARN_UNUSED_VARIABLE = YES;
				IPHONEOS_DEPLOYMENT_TARGET = 16.0;
				MTL_ENABLE_DEBUG_INFO = NO;
				MTL_FAST_MATH = YES;
				SDKROOT = iphoneos;
				SWIFT_COMPILATION_MODE = wholemodule;
				SWIFT_OPTIMIZATION_LEVEL = "-O";
				VALIDATE_PRODUCT = YES;
			};
			name = Release;
		};
		85ED00672909209D00369EB2 /* Debug */ = {
			isa = XCBuildConfiguration;
			buildSettings = {
				ASSETCATALOG_COMPILER_APPICON_NAME = AppIcon;
				ASSETCATALOG_COMPILER_GLOBAL_ACCENT_COLOR_NAME = AccentColor;
				CODE_SIGN_STYLE = Automatic;
				CURRENT_PROJECT_VERSION = 1;
				DEVELOPMENT_ASSET_PATHS = "\"sandbox-swiftui-latihan4/Preview Content\"";
				DEVELOPMENT_TEAM = V4597PNUQD;
				ENABLE_PREVIEWS = YES;
				GENERATE_INFOPLIST_FILE = YES;
				INFOPLIST_KEY_UIApplicationSceneManifest_Generation = YES;
				INFOPLIST_KEY_UIApplicationSupportsIndirectInputEvents = YES;
				INFOPLIST_KEY_UILaunchScreen_Generation = YES;
				INFOPLIST_KEY_UISupportedInterfaceOrientations_iPad = "UIInterfaceOrientationPortrait UIInterfaceOrientationPortraitUpsideDown UIInterfaceOrientationLandscapeLeft UIInterfaceOrientationLandscapeRight";
				INFOPLIST_KEY_UISupportedInterfaceOrientations_iPhone = "UIInterfaceOrientationPortrait UIInterfaceOrientationLandscapeLeft UIInterfaceOrientationLandscapeRight";
				LD_RUNPATH_SEARCH_PATHS = (
					"$(inherited)",
					"@executable_path/Frameworks",
				);
				MARKETING_VERSION = 1.0;
				PRODUCT_BUNDLE_IDENTIFIER = "apitoong.sandbox-swiftui-latihan4";
				PRODUCT_NAME = "$(TARGET_NAME)";
				SWIFT_EMIT_LOC_STRINGS = YES;
				SWIFT_VERSION = 5.0;
				TARGETED_DEVICE_FAMILY = "1,2";
			};
			name = Debug;
		};
		85ED00682909209D00369EB2 /* Release */ = {
			isa = XCBuildConfiguration;
			buildSettings = {
				ASSETCATALOG_COMPILER_APPICON_NAME = AppIcon;
				ASSETCATALOG_COMPILER_GLOBAL_ACCENT_COLOR_NAME = AccentColor;
				CODE_SIGN_STYLE = Automatic;
				CURRENT_PROJECT_VERSION = 1;
				DEVELOPMENT_ASSET_PATHS = "\"sandbox-swiftui-latihan4/Preview Content\"";
				DEVELOPMENT_TEAM = V4597PNUQD;
				ENABLE_PREVIEWS = YES;
				GENERATE_INFOPLIST_FILE = YES;
				INFOPLIST_KEY_UIApplicationSceneManifest_Generation = YES;
				INFOPLIST_KEY_UIApplicationSupportsIndirectInputEvents = YES;
				INFOPLIST_KEY_UILaunchScreen_Generation = YES;
				INFOPLIST_KEY_UISupportedInterfaceOrientations_iPad = "UIInterfaceOrientationPortrait UIInterfaceOrientationPortraitUpsideDown UIInterfaceOrientationLandscapeLeft UIInterfaceOrientationLandscapeRight";
				INFOPLIST_KEY_UISupportedInterfaceOrientations_iPhone = "UIInterfaceOrientationPortrait UIInterfaceOrientationLandscapeLeft UIInterfaceOrientationLandscapeRight";
				LD_RUNPATH_SEARCH_PATHS = (
					"$(inherited)",
					"@executable_path/Frameworks",
				);
				MARKETING_VERSION = 1.0;
				PRODUCT_BUNDLE_IDENTIFIER = "apitoong.sandbox-swiftui-latihan4";
				PRODUCT_NAME = "$(TARGET_NAME)";
				SWIFT_EMIT_LOC_STRINGS = YES;
				SWIFT_VERSION = 5.0;
				TARGETED_DEVICE_FAMILY = "1,2";
			};
			name = Release;
		};
/* End XCBuildConfiguration section */

/* Begin XCConfigurationList section */
		85ED00532909209B00369EB2 /* Build configuration list for PBXProject "sandbox-swiftui-latihan4" */ = {
			isa = XCConfigurationList;
			buildConfigurations = (
				85ED00642909209D00369EB2 /* Debug */,
				85ED00652909209D00369EB2 /* Release */,
			);
			defaultConfigurationIsVisible = 0;
			defaultConfigurationName = Release;
		};
		85ED00662909209D00369EB2 /* Build configuration list for PBXNativeTarget "sandbox-swiftui-latihan4" */ = {
			isa = XCConfigurationList;
			buildConfigurations = (
				85ED00672909209D00369EB2 /* Debug */,
				85ED00682909209D00369EB2 /* Release */,
			);
			defaultConfigurationIsVisible = 0;
			defaultConfigurationName = Release;
		};
/* End XCConfigurationList section */
	};
	rootObject = 85ED00502909209B00369EB2 /* Project object */;
}
